
Microsoft Visual Studio Solution File, Format Version 12.00
# Visual Studio Version 17
VisualStudioVersion = 17.1.32414.318
MinimumVisualStudioVersion = 10.0.40219.1
Project("{FAE04EC0-301F-11D3-BF4B-00C04F79EFBC}") = "Laba 1(2)", "Laba 1(2)\Laba 1(2).csproj", "{BEDDCAB0-CBA5-4D46-B701-16E0ED3D123A}"
EndProject
Global
	GlobalSection(SolutionConfigurationPlatforms) = preSolution
		Debug|Any CPU = Debug|Any CPU
		Release|Any CPU = Release|Any CPU
	EndGlobalSection
	GlobalSection(ProjectConfigurationPlatforms) = postSolution
		{BEDDCAB0-CBA5-4D46-B701-16E0ED3D123A}.Debug|Any CPU.ActiveCfg = Debug|Any CPU
		{BEDDCAB0-CBA5-4D46-B701-16E0ED3D123A}.Debug|Any CPU.Build.0 = Debug|Any CPU
		{BEDDCAB0-CBA5-4D46-B701-16E0ED3D123A}.Release|Any CPU.ActiveCfg = Release|Any CPU
		{BEDDCAB0-CBA5-4D46-B701-16E0ED3D123A}.Release|Any CPU.Build.0 = Release|Any CPU
	EndGlobalSection
	GlobalSection(SolutionProperties) = preSolution
		HideSolutionNode = FALSE
	EndGlobalSection
	GlobalSection(ExtensibilityGlobals) = postSolution
		SolutionGuid = {73DF918E-A9F7-48C9-899E-DA1E899105D7}
	EndGlobalSection
EndGlobal
